// !$*UTF8*$!
{
	archiveVersion = 1;
	classes = {
	};
	objectVersion = 56;
	objects = {

/* Begin PBXBuildFile section */
		F34C3F412B4BF376008BE7C9 /* Pyzh Board App.swift in Sources */ = {isa = PBXBuildFile; fileRef = F34C3F402B4BF376008BE7C9 /* Pyzh Board App.swift */; };
		F34C3F452B4BF376008BE7C9 /* Multiboard Item.swift in Sources */ = {isa = PBXBuildFile; fileRef = F34C3F442B4BF376008BE7C9 /* Multiboard Item.swift */; };
		F34C3F472B4BF377008BE7C9 /* Assets.xcassets in Resources */ = {isa = PBXBuildFile; fileRef = F34C3F462B4BF377008BE7C9 /* Assets.xcassets */; };
		F34C3F532B4BF3C2008BE7C9 /* Home View.swift in Sources */ = {isa = PBXBuildFile; fileRef = F34C3F522B4BF3C2008BE7C9 /* Home View.swift */; };
		F34C3F552B4BF56A008BE7C9 /* Item Card.swift in Sources */ = {isa = PBXBuildFile; fileRef = F34C3F542B4BF56A008BE7C9 /* Item Card.swift */; };
		F34C3F572B4BF5BB008BE7C9 /* Item View.swift in Sources */ = {isa = PBXBuildFile; fileRef = F34C3F562B4BF5BB008BE7C9 /* Item View.swift */; };
		F34C3F5A2B4C1335008BE7C9 /* ScrechKit in Frameworks */ = {isa = PBXBuildFile; productRef = F34C3F592B4C1335008BE7C9 /* ScrechKit */; };
		F37D97D42B52D65C00F3FCE0 /* AlertKit in Frameworks */ = {isa = PBXBuildFile; productRef = F37D97D32B52D65C00F3FCE0 /* AlertKit */; };
		F37D97D62B52D68000F3FCE0 /* Alerts.swift in Sources */ = {isa = PBXBuildFile; fileRef = F37D97D52B52D68000F3FCE0 /* Alerts.swift */; };
		F3CE83522B512F8A00DBF556 /* List View.swift in Sources */ = {isa = PBXBuildFile; fileRef = F3CE83512B512F8400DBF556 /* List View.swift */; };
		F3CE83542B512FD200DBF556 /* Grid View.swift in Sources */ = {isa = PBXBuildFile; fileRef = F3CE83532B512FC100DBF556 /* Grid View.swift */; };
		F3CE83562B5132D400DBF556 /* Grid Item Card.swift in Sources */ = {isa = PBXBuildFile; fileRef = F3CE83552B5132AA00DBF556 /* Grid Item Card.swift */; };
		F3CE83582B514D6500DBF556 /* Copy.swift in Sources */ = {isa = PBXBuildFile; fileRef = F3CE83572B514D6500DBF556 /* Copy.swift */; };
		F3CE835A2B514DF800DBF556 /* Card Context Menu.swift in Sources */ = {isa = PBXBuildFile; fileRef = F3CE83592B514DF800DBF556 /* Card Context Menu.swift */; };
		F3ED95E62B4D479800A490FC /* Item View Overlay.swift in Sources */ = {isa = PBXBuildFile; fileRef = F3ED95E52B4D479800A490FC /* Item View Overlay.swift */; };
		F3ED95E82B4D47C600A490FC /* Item View Toolbar.swift in Sources */ = {isa = PBXBuildFile; fileRef = F3ED95E72B4D47C600A490FC /* Item View Toolbar.swift */; };
		F3F73CF22B4E97B300953D55 /* Settings View.swift in Sources */ = {isa = PBXBuildFile; fileRef = F3F73CF12B4E97B300953D55 /* Settings View.swift */; };
		F3F73CF52B4E984200953D55 /* SafariCover in Frameworks */ = {isa = PBXBuildFile; productRef = F3F73CF42B4E984200953D55 /* SafariCover */; };
/* End PBXBuildFile section */

/* Begin PBXFileReference section */
		F34C3F3D2B4BF376008BE7C9 /* Pyzh Board.app */ = {isa = PBXFileReference; explicitFileType = wrapper.application; includeInIndex = 0; path = "Pyzh Board.app"; sourceTree = BUILT_PRODUCTS_DIR; };
		F34C3F402B4BF376008BE7C9 /* Pyzh Board App.swift */ = {isa = PBXFileReference; lastKnownFileType = sourcecode.swift; path = "Pyzh Board App.swift"; sourceTree = "<group>"; };
		F34C3F442B4BF376008BE7C9 /* Multiboard Item.swift */ = {isa = PBXFileReference; lastKnownFileType = sourcecode.swift; path = "Multiboard Item.swift"; sourceTree = "<group>"; };
		F34C3F462B4BF377008BE7C9 /* Assets.xcassets */ = {isa = PBXFileReference; lastKnownFileType = folder.assetcatalog; path = Assets.xcassets; sourceTree = "<group>"; };
		F34C3F482B4BF377008BE7C9 /* Multiboard.entitlements */ = {isa = PBXFileReference; lastKnownFileType = text.plist.entitlements; path = Multiboard.entitlements; sourceTree = "<group>"; };
		F34C3F4C2B4BF377008BE7C9 /* Info.plist */ = {isa = PBXFileReference; lastKnownFileType = text.plist.xml; path = Info.plist; sourceTree = "<group>"; };
		F34C3F522B4BF3C2008BE7C9 /* Home View.swift */ = {isa = PBXFileReference; lastKnownFileType = sourcecode.swift; path = "Home View.swift"; sourceTree = "<group>"; };
		F34C3F542B4BF56A008BE7C9 /* Item Card.swift */ = {isa = PBXFileReference; lastKnownFileType = sourcecode.swift; path = "Item Card.swift"; sourceTree = "<group>"; };
		F34C3F562B4BF5BB008BE7C9 /* Item View.swift */ = {isa = PBXFileReference; lastKnownFileType = sourcecode.swift; path = "Item View.swift"; sourceTree = "<group>"; };
		F37D97D52B52D68000F3FCE0 /* Alerts.swift */ = {isa = PBXFileReference; lastKnownFileType = sourcecode.swift; path = Alerts.swift; sourceTree = "<group>"; };
		F3CE83512B512F8400DBF556 /* List View.swift */ = {isa = PBXFileReference; lastKnownFileType = sourcecode.swift; path = "List View.swift"; sourceTree = "<group>"; };
		F3CE83532B512FC100DBF556 /* Grid View.swift */ = {isa = PBXFileReference; lastKnownFileType = sourcecode.swift; path = "Grid View.swift"; sourceTree = "<group>"; };
		F3CE83552B5132AA00DBF556 /* Grid Item Card.swift */ = {isa = PBXFileReference; lastKnownFileType = sourcecode.swift; path = "Grid Item Card.swift"; sourceTree = "<group>"; };
		F3CE83572B514D6500DBF556 /* Copy.swift */ = {isa = PBXFileReference; lastKnownFileType = sourcecode.swift; path = Copy.swift; sourceTree = "<group>"; };
		F3CE83592B514DF800DBF556 /* Card Context Menu.swift */ = {isa = PBXFileReference; lastKnownFileType = sourcecode.swift; path = "Card Context Menu.swift"; sourceTree = "<group>"; };
		F3ED95E52B4D479800A490FC /* Item View Overlay.swift */ = {isa = PBXFileReference; lastKnownFileType = sourcecode.swift; path = "Item View Overlay.swift"; sourceTree = "<group>"; };
		F3ED95E72B4D47C600A490FC /* Item View Toolbar.swift */ = {isa = PBXFileReference; lastKnownFileType = sourcecode.swift; path = "Item View Toolbar.swift"; sourceTree = "<group>"; };
		F3F73CF12B4E97B300953D55 /* Settings View.swift */ = {isa = PBXFileReference; lastKnownFileType = sourcecode.swift; path = "Settings View.swift"; sourceTree = "<group>"; };
/* End PBXFileReference section */

/* Begin PBXFrameworksBuildPhase section */
		F34C3F3A2B4BF376008BE7C9 /* Frameworks */ = {
			isa = PBXFrameworksBuildPhase;
			buildActionMask = 2147483647;
			files = (
				F3F73CF52B4E984200953D55 /* SafariCover in Frameworks */,
				F34C3F5A2B4C1335008BE7C9 /* ScrechKit in Frameworks */,
				F37D97D42B52D65C00F3FCE0 /* AlertKit in Frameworks */,
			);
			runOnlyForDeploymentPostprocessing = 0;
		};
/* End PBXFrameworksBuildPhase section */

/* Begin PBXGroup section */
		F31F4CEA2B5AE21100337DC1 /* Card */ = {
			isa = PBXGroup;
			children = (
				F3CE83592B514DF800DBF556 /* Card Context Menu.swift */,
				F34C3F542B4BF56A008BE7C9 /* Item Card.swift */,
				F3CE83552B5132AA00DBF556 /* Grid Item Card.swift */,
			);
			path = Card;
			sourceTree = "<group>";
		};
		F34C3F342B4BF376008BE7C9 = {
			isa = PBXGroup;
			children = (
				F34C3F3F2B4BF376008BE7C9 /* iOS */,
				F34C3F3E2B4BF376008BE7C9 /* Products */,
			);
			sourceTree = "<group>";
		};
		F34C3F3E2B4BF376008BE7C9 /* Products */ = {
			isa = PBXGroup;
			children = (
				F34C3F3D2B4BF376008BE7C9 /* Pyzh Board.app */,
			);
			name = Products;
			sourceTree = "<group>";
		};
		F34C3F3F2B4BF376008BE7C9 /* iOS */ = {
			isa = PBXGroup;
			children = (
				F3CE83572B514D6500DBF556 /* Copy.swift */,
				F34C3F402B4BF376008BE7C9 /* Pyzh Board App.swift */,
				F37D97D52B52D68000F3FCE0 /* Alerts.swift */,
				F34C3F442B4BF376008BE7C9 /* Multiboard Item.swift */,
				F3D197532B552E1A00DFC3F4 /* Home */,
				F31F4CEA2B5AE21100337DC1 /* Card */,
				F3DD12202B50071200586B57 /* Editor */,
				F3D197522B552E0F00DFC3F4 /* Settings */,
				F34C3F462B4BF377008BE7C9 /* Assets.xcassets */,
				F34C3F482B4BF377008BE7C9 /* Multiboard.entitlements */,
				F34C3F4C2B4BF377008BE7C9 /* Info.plist */,
			);
			path = iOS;
			sourceTree = "<group>";
		};
		F3D197522B552E0F00DFC3F4 /* Settings */ = {
			isa = PBXGroup;
			children = (
				F3F73CF12B4E97B300953D55 /* Settings View.swift */,
			);
			path = Settings;
			sourceTree = "<group>";
		};
		F3D197532B552E1A00DFC3F4 /* Home */ = {
			isa = PBXGroup;
			children = (
				F34C3F522B4BF3C2008BE7C9 /* Home View.swift */,
				F3CE83512B512F8400DBF556 /* List View.swift */,
				F3CE83532B512FC100DBF556 /* Grid View.swift */,
			);
			path = Home;
			sourceTree = "<group>";
		};
		F3DD12202B50071200586B57 /* Editor */ = {
			isa = PBXGroup;
			children = (
				F34C3F562B4BF5BB008BE7C9 /* Item View.swift */,
				F3ED95E52B4D479800A490FC /* Item View Overlay.swift */,
				F3ED95E72B4D47C600A490FC /* Item View Toolbar.swift */,
			);
			path = Editor;
			sourceTree = "<group>";
		};
/* End PBXGroup section */

/* Begin PBXNativeTarget section */
		F34C3F3C2B4BF376008BE7C9 /* Pyzh Board */ = {
			isa = PBXNativeTarget;
			buildConfigurationList = F34C3F4F2B4BF377008BE7C9 /* Build configuration list for PBXNativeTarget "Pyzh Board" */;
			buildPhases = (
				F34C3F392B4BF376008BE7C9 /* Sources */,
				F34C3F3A2B4BF376008BE7C9 /* Frameworks */,
				F34C3F3B2B4BF376008BE7C9 /* Resources */,
			);
			buildRules = (
			);
			dependencies = (
			);
			name = "Pyzh Board";
			packageProductDependencies = (
				F34C3F592B4C1335008BE7C9 /* ScrechKit */,
				F3F73CF42B4E984200953D55 /* SafariCover */,
				F37D97D32B52D65C00F3FCE0 /* AlertKit */,
			);
			productName = Multiboard;
			productReference = F34C3F3D2B4BF376008BE7C9 /* Pyzh Board.app */;
			productType = "com.apple.product-type.application";
		};
/* End PBXNativeTarget section */

/* Begin PBXProject section */
		F34C3F352B4BF376008BE7C9 /* Project object */ = {
			isa = PBXProject;
			attributes = {
				BuildIndependentTargetsInParallel = 1;
				LastSwiftUpdateCheck = 1520;
				LastUpgradeCheck = 1520;
				TargetAttributes = {
					F34C3F3C2B4BF376008BE7C9 = {
						CreatedOnToolsVersion = 15.2;
					};
				};
			};
			buildConfigurationList = F34C3F382B4BF376008BE7C9 /* Build configuration list for PBXProject "Pyzh Board" */;
			compatibilityVersion = "Xcode 14.0";
			developmentRegion = en;
			hasScannedForEncodings = 0;
			knownRegions = (
				en,
				Base,
				ru,
			);
			mainGroup = F34C3F342B4BF376008BE7C9;
			packageReferences = (
				F34C3F582B4C1335008BE7C9 /* XCRemoteSwiftPackageReference "ScrechKit" */,
				F3F73CF32B4E984200953D55 /* XCRemoteSwiftPackageReference "SafariCover" */,
				F37D97D22B52D65C00F3FCE0 /* XCRemoteSwiftPackageReference "AlertKit" */,
			);
			productRefGroup = F34C3F3E2B4BF376008BE7C9 /* Products */;
			projectDirPath = "";
			projectRoot = "";
			targets = (
				F34C3F3C2B4BF376008BE7C9 /* Pyzh Board */,
			);
		};
/* End PBXProject section */

/* Begin PBXResourcesBuildPhase section */
		F34C3F3B2B4BF376008BE7C9 /* Resources */ = {
			isa = PBXResourcesBuildPhase;
			buildActionMask = 2147483647;
			files = (
				F34C3F472B4BF377008BE7C9 /* Assets.xcassets in Resources */,
			);
			runOnlyForDeploymentPostprocessing = 0;
		};
/* End PBXResourcesBuildPhase section */

/* Begin PBXSourcesBuildPhase section */
		F34C3F392B4BF376008BE7C9 /* Sources */ = {
			isa = PBXSourcesBuildPhase;
			buildActionMask = 2147483647;
			files = (
				F3CE83582B514D6500DBF556 /* Copy.swift in Sources */,
				F3ED95E62B4D479800A490FC /* Item View Overlay.swift in Sources */,
				F34C3F572B4BF5BB008BE7C9 /* Item View.swift in Sources */,
				F3F73CF22B4E97B300953D55 /* Settings View.swift in Sources */,
				F34C3F532B4BF3C2008BE7C9 /* Home View.swift in Sources */,
				F34C3F452B4BF376008BE7C9 /* Multiboard Item.swift in Sources */,
				F34C3F412B4BF376008BE7C9 /* Pyzh Board App.swift in Sources */,
				F3CE835A2B514DF800DBF556 /* Card Context Menu.swift in Sources */,
				F34C3F552B4BF56A008BE7C9 /* Item Card.swift in Sources */,
				F3ED95E82B4D47C600A490FC /* Item View Toolbar.swift in Sources */,
				F3CE83542B512FD200DBF556 /* Grid View.swift in Sources */,
				F3CE83522B512F8A00DBF556 /* List View.swift in Sources */,
				F37D97D62B52D68000F3FCE0 /* Alerts.swift in Sources */,
				F3CE83562B5132D400DBF556 /* Grid Item Card.swift in Sources */,
			);
			runOnlyForDeploymentPostprocessing = 0;
		};
/* End PBXSourcesBuildPhase section */

/* Begin XCBuildConfiguration section */
		F34C3F4D2B4BF377008BE7C9 /* Debug */ = {
			isa = XCBuildConfiguration;
			buildSettings = {
				ALWAYS_SEARCH_USER_PATHS = NO;
				ASSETCATALOG_COMPILER_GENERATE_SWIFT_ASSET_SYMBOL_EXTENSIONS = YES;
				CLANG_ANALYZER_NONNULL = YES;
				CLANG_ANALYZER_NUMBER_OBJECT_CONVERSION = YES_AGGRESSIVE;
				CLANG_CXX_LANGUAGE_STANDARD = "gnu++20";
				CLANG_ENABLE_MODULES = YES;
				CLANG_ENABLE_OBJC_ARC = YES;
				CLANG_ENABLE_OBJC_WEAK = YES;
				CLANG_WARN_BLOCK_CAPTURE_AUTORELEASING = YES;
				CLANG_WARN_BOOL_CONVERSION = YES;
				CLANG_WARN_COMMA = YES;
				CLANG_WARN_CONSTANT_CONVERSION = YES;
				CLANG_WARN_DEPRECATED_OBJC_IMPLEMENTATIONS = YES;
				CLANG_WARN_DIRECT_OBJC_ISA_USAGE = YES_ERROR;
				CLANG_WARN_DOCUMENTATION_COMMENTS = YES;
				CLANG_WARN_EMPTY_BODY = YES;
				CLANG_WARN_ENUM_CONVERSION = YES;
				CLANG_WARN_INFINITE_RECURSION = YES;
				CLANG_WARN_INT_CONVERSION = YES;
				CLANG_WARN_NON_LITERAL_NULL_CONVERSION = YES;
				CLANG_WARN_OBJC_IMPLICIT_RETAIN_SELF = YES;
				CLANG_WARN_OBJC_LITERAL_CONVERSION = YES;
				CLANG_WARN_OBJC_ROOT_CLASS = YES_ERROR;
				CLANG_WARN_QUOTED_INCLUDE_IN_FRAMEWORK_HEADER = YES;
				CLANG_WARN_RANGE_LOOP_ANALYSIS = YES;
				CLANG_WARN_STRICT_PROTOTYPES = YES;
				CLANG_WARN_SUSPICIOUS_MOVE = YES;
				CLANG_WARN_UNGUARDED_AVAILABILITY = YES_AGGRESSIVE;
				CLANG_WARN_UNREACHABLE_CODE = YES;
				CLANG_WARN__DUPLICATE_METHOD_MATCH = YES;
				COPY_PHASE_STRIP = NO;
				DEBUG_INFORMATION_FORMAT = dwarf;
				ENABLE_STRICT_OBJC_MSGSEND = YES;
				ENABLE_TESTABILITY = YES;
				ENABLE_USER_SCRIPT_SANDBOXING = YES;
				GCC_C_LANGUAGE_STANDARD = gnu17;
				GCC_DYNAMIC_NO_PIC = NO;
				GCC_NO_COMMON_BLOCKS = YES;
				GCC_OPTIMIZATION_LEVEL = 0;
				GCC_PREPROCESSOR_DEFINITIONS = (
					"DEBUG=1",
					"$(inherited)",
				);
				GCC_WARN_64_TO_32_BIT_CONVERSION = YES;
				GCC_WARN_ABOUT_RETURN_TYPE = YES_ERROR;
				GCC_WARN_UNDECLARED_SELECTOR = YES;
				GCC_WARN_UNINITIALIZED_AUTOS = YES_AGGRESSIVE;
				GCC_WARN_UNUSED_FUNCTION = YES;
				GCC_WARN_UNUSED_VARIABLE = YES;
				IPHONEOS_DEPLOYMENT_TARGET = 17.0;
				LOCALIZATION_PREFERS_STRING_CATALOGS = YES;
				MACOSX_DEPLOYMENT_TARGET = 14.0;
				MTL_ENABLE_DEBUG_INFO = INCLUDE_SOURCE;
				MTL_FAST_MATH = YES;
				ONLY_ACTIVE_ARCH = YES;
				SWIFT_ACTIVE_COMPILATION_CONDITIONS = "DEBUG $(inherited)";
				SWIFT_OPTIMIZATION_LEVEL = "-Onone";
				XROS_DEPLOYMENT_TARGET = 1.0;
			};
			name = Debug;
		};
		F34C3F4E2B4BF377008BE7C9 /* Release */ = {
			isa = XCBuildConfiguration;
			buildSettings = {
				ALWAYS_SEARCH_USER_PATHS = NO;
				ASSETCATALOG_COMPILER_GENERATE_SWIFT_ASSET_SYMBOL_EXTENSIONS = YES;
				CLANG_ANALYZER_NONNULL = YES;
				CLANG_ANALYZER_NUMBER_OBJECT_CONVERSION = YES_AGGRESSIVE;
				CLANG_CXX_LANGUAGE_STANDARD = "gnu++20";
				CLANG_ENABLE_MODULES = YES;
				CLANG_ENABLE_OBJC_ARC = YES;
				CLANG_ENABLE_OBJC_WEAK = YES;
				CLANG_WARN_BLOCK_CAPTURE_AUTORELEASING = YES;
				CLANG_WARN_BOOL_CONVERSION = YES;
				CLANG_WARN_COMMA = YES;
				CLANG_WARN_CONSTANT_CONVERSION = YES;
				CLANG_WARN_DEPRECATED_OBJC_IMPLEMENTATIONS = YES;
				CLANG_WARN_DIRECT_OBJC_ISA_USAGE = YES_ERROR;
				CLANG_WARN_DOCUMENTATION_COMMENTS = YES;
				CLANG_WARN_EMPTY_BODY = YES;
				CLANG_WARN_ENUM_CONVERSION = YES;
				CLANG_WARN_INFINITE_RECURSION = YES;
				CLANG_WARN_INT_CONVERSION = YES;
				CLANG_WARN_NON_LITERAL_NULL_CONVERSION = YES;
				CLANG_WARN_OBJC_IMPLICIT_RETAIN_SELF = YES;
				CLANG_WARN_OBJC_LITERAL_CONVERSION = YES;
				CLANG_WARN_OBJC_ROOT_CLASS = YES_ERROR;
				CLANG_WARN_QUOTED_INCLUDE_IN_FRAMEWORK_HEADER = YES;
				CLANG_WARN_RANGE_LOOP_ANALYSIS = YES;
				CLANG_WARN_STRICT_PROTOTYPES = YES;
				CLANG_WARN_SUSPICIOUS_MOVE = YES;
				CLANG_WARN_UNGUARDED_AVAILABILITY = YES_AGGRESSIVE;
				CLANG_WARN_UNREACHABLE_CODE = YES;
				CLANG_WARN__DUPLICATE_METHOD_MATCH = YES;
				COPY_PHASE_STRIP = NO;
				DEBUG_INFORMATION_FORMAT = "dwarf-with-dsym";
				ENABLE_NS_ASSERTIONS = NO;
				ENABLE_STRICT_OBJC_MSGSEND = YES;
				ENABLE_USER_SCRIPT_SANDBOXING = YES;
				GCC_C_LANGUAGE_STANDARD = gnu17;
				GCC_NO_COMMON_BLOCKS = YES;
				GCC_WARN_64_TO_32_BIT_CONVERSION = YES;
				GCC_WARN_ABOUT_RETURN_TYPE = YES_ERROR;
				GCC_WARN_UNDECLARED_SELECTOR = YES;
				GCC_WARN_UNINITIALIZED_AUTOS = YES_AGGRESSIVE;
				GCC_WARN_UNUSED_FUNCTION = YES;
				GCC_WARN_UNUSED_VARIABLE = YES;
				IPHONEOS_DEPLOYMENT_TARGET = 17.0;
				LOCALIZATION_PREFERS_STRING_CATALOGS = YES;
				MACOSX_DEPLOYMENT_TARGET = 14.0;
				MTL_ENABLE_DEBUG_INFO = NO;
				MTL_FAST_MATH = YES;
				SWIFT_COMPILATION_MODE = wholemodule;
				XROS_DEPLOYMENT_TARGET = 1.0;
			};
			name = Release;
		};
		F34C3F502B4BF377008BE7C9 /* Debug */ = {
			isa = XCBuildConfiguration;
			buildSettings = {
				ASSETCATALOG_COMPILER_APPICON_NAME = AppIcon;
				ASSETCATALOG_COMPILER_GLOBAL_ACCENT_COLOR_NAME = AccentColor;
				CODE_SIGN_ENTITLEMENTS = iOS/Multiboard.entitlements;
				"CODE_SIGN_IDENTITY[sdk=macosx*]" = "Apple Development";
				CODE_SIGN_STYLE = Automatic;
				CURRENT_PROJECT_VERSION = 1;
				DEVELOPMENT_ASSET_PATHS = "";
				DEVELOPMENT_TEAM = 8FQUA2F388;
				ENABLE_HARDENED_RUNTIME = YES;
				ENABLE_PREVIEWS = YES;
				GENERATE_INFOPLIST_FILE = YES;
				INFOPLIST_FILE = iOS/Info.plist;
				INFOPLIST_KEY_CFBundleDisplayName = "Pyzh Board";
				"INFOPLIST_KEY_UIApplicationSceneManifest_Generation[sdk=iphoneos*]" = YES;
				"INFOPLIST_KEY_UIApplicationSceneManifest_Generation[sdk=iphonesimulator*]" = YES;
				"INFOPLIST_KEY_UIApplicationSupportsIndirectInputEvents[sdk=iphoneos*]" = YES;
				"INFOPLIST_KEY_UIApplicationSupportsIndirectInputEvents[sdk=iphonesimulator*]" = YES;
				"INFOPLIST_KEY_UILaunchScreen_Generation[sdk=iphoneos*]" = YES;
				"INFOPLIST_KEY_UILaunchScreen_Generation[sdk=iphonesimulator*]" = YES;
				"INFOPLIST_KEY_UIStatusBarStyle[sdk=iphoneos*]" = UIStatusBarStyleDefault;
				"INFOPLIST_KEY_UIStatusBarStyle[sdk=iphonesimulator*]" = UIStatusBarStyleDefault;
				INFOPLIST_KEY_UISupportedInterfaceOrientations = "UIInterfaceOrientationLandscapeLeft UIInterfaceOrientationLandscapeRight UIInterfaceOrientationPortrait UIInterfaceOrientationPortraitUpsideDown";
				IPHONEOS_DEPLOYMENT_TARGET = 17.0;
				LD_RUNPATH_SEARCH_PATHS = "@executable_path/Frameworks";
				"LD_RUNPATH_SEARCH_PATHS[sdk=macosx*]" = "@executable_path/../Frameworks";
				MACOSX_DEPLOYMENT_TARGET = 14.0;
				MARKETING_VERSION = 1.0;
				PRODUCT_BUNDLE_IDENTIFIER = "dev.topcrech.Pyzh-Board";
				PRODUCT_NAME = "$(TARGET_NAME)";
				SDKROOT = auto;
				SUPPORTED_PLATFORMS = "iphoneos iphonesimulator macosx xros xrsimulator";
				SUPPORTS_MACCATALYST = NO;
				SWIFT_EMIT_LOC_STRINGS = YES;
				SWIFT_VERSION = 5.0;
				TARGETED_DEVICE_FAMILY = "1,2,7";
			};
			name = Debug;
		};
		F34C3F512B4BF377008BE7C9 /* Release */ = {
			isa = XCBuildConfiguration;
			buildSettings = {
				ASSETCATALOG_COMPILER_APPICON_NAME = AppIcon;
				ASSETCATALOG_COMPILER_GLOBAL_ACCENT_COLOR_NAME = AccentColor;
				CODE_SIGN_ENTITLEMENTS = iOS/Multiboard.entitlements;
				"CODE_SIGN_IDENTITY[sdk=macosx*]" = "Apple Development";
				CODE_SIGN_STYLE = Automatic;
				CURRENT_PROJECT_VERSION = 1;
				DEVELOPMENT_ASSET_PATHS = "";
				DEVELOPMENT_TEAM = 8FQUA2F388;
				ENABLE_HARDENED_RUNTIME = YES;
				ENABLE_PREVIEWS = YES;
				GENERATE_INFOPLIST_FILE = YES;
				INFOPLIST_FILE = iOS/Info.plist;
				INFOPLIST_KEY_CFBundleDisplayName = "Pyzh Board";
				"INFOPLIST_KEY_UIApplicationSceneManifest_Generation[sdk=iphoneos*]" = YES;
				"INFOPLIST_KEY_UIApplicationSceneManifest_Generation[sdk=iphonesimulator*]" = YES;
				"INFOPLIST_KEY_UIApplicationSupportsIndirectInputEvents[sdk=iphoneos*]" = YES;
				"INFOPLIST_KEY_UIApplicationSupportsIndirectInputEvents[sdk=iphonesimulator*]" = YES;
				"INFOPLIST_KEY_UILaunchScreen_Generation[sdk=iphoneos*]" = YES;
				"INFOPLIST_KEY_UILaunchScreen_Generation[sdk=iphonesimulator*]" = YES;
				"INFOPLIST_KEY_UIStatusBarStyle[sdk=iphoneos*]" = UIStatusBarStyleDefault;
				"INFOPLIST_KEY_UIStatusBarStyle[sdk=iphonesimulator*]" = UIStatusBarStyleDefault;
				INFOPLIST_KEY_UISupportedInterfaceOrientations = "UIInterfaceOrientationLandscapeLeft UIInterfaceOrientationLandscapeRight UIInterfaceOrientationPortrait UIInterfaceOrientationPortraitUpsideDown";
				IPHONEOS_DEPLOYMENT_TARGET = 17.0;
				LD_RUNPATH_SEARCH_PATHS = "@executable_path/Frameworks";
				"LD_RUNPATH_SEARCH_PATHS[sdk=macosx*]" = "@executable_path/../Frameworks";
				MACOSX_DEPLOYMENT_TARGET = 14.0;
				MARKETING_VERSION = 1.0;
				PRODUCT_BUNDLE_IDENTIFIER = "dev.topcrech.Pyzh-Board";
				PRODUCT_NAME = "$(TARGET_NAME)";
				SDKROOT = auto;
				SUPPORTED_PLATFORMS = "iphoneos iphonesimulator macosx xros xrsimulator";
				SUPPORTS_MACCATALYST = NO;
				SWIFT_EMIT_LOC_STRINGS = YES;
				SWIFT_VERSION = 5.0;
				TARGETED_DEVICE_FAMILY = "1,2,7";
			};
			name = Release;
		};
/* End XCBuildConfiguration section */

/* Begin XCConfigurationList section */
		F34C3F382B4BF376008BE7C9 /* Build configuration list for PBXProject "Pyzh Board" */ = {
			isa = XCConfigurationList;
			buildConfigurations = (
				F34C3F4D2B4BF377008BE7C9 /* Debug */,
				F34C3F4E2B4BF377008BE7C9 /* Release */,
			);
			defaultConfigurationIsVisible = 0;
			defaultConfigurationName = Release;
		};
		F34C3F4F2B4BF377008BE7C9 /* Build configuration list for PBXNativeTarget "Pyzh Board" */ = {
			isa = XCConfigurationList;
			buildConfigurations = (
				F34C3F502B4BF377008BE7C9 /* Debug */,
				F34C3F512B4BF377008BE7C9 /* Release */,
			);
			defaultConfigurationIsVisible = 0;
			defaultConfigurationName = Release;
		};
/* End XCConfigurationList section */

/* Begin XCRemoteSwiftPackageReference section */
		F34C3F582B4C1335008BE7C9 /* XCRemoteSwiftPackageReference "ScrechKit" */ = {
			isa = XCRemoteSwiftPackageReference;
			repositoryURL = "https://github.com/TopScrech/ScrechKit";
			requirement = {
				branch = main;
				kind = branch;
			};
		};
		F37D97D22B52D65C00F3FCE0 /* XCRemoteSwiftPackageReference "AlertKit" */ = {
			isa = XCRemoteSwiftPackageReference;
			repositoryURL = "https://github.com/sparrowcode/AlertKit";
			requirement = {
				kind = upToNextMajorVersion;
				minimumVersion = 5.1.8;
			};
		};
		F3F73CF32B4E984200953D55 /* XCRemoteSwiftPackageReference "SafariCover" */ = {
			isa = XCRemoteSwiftPackageReference;
			repositoryURL = "https://github.com/TopScrech/SafariCover";
			requirement = {
				branch = main;
				kind = branch;
			};
		};
/* End XCRemoteSwiftPackageReference section */

/* Begin XCSwiftPackageProductDependency section */
		F34C3F592B4C1335008BE7C9 /* ScrechKit */ = {
			isa = XCSwiftPackageProductDependency;
			package = F34C3F582B4C1335008BE7C9 /* XCRemoteSwiftPackageReference "ScrechKit" */;
			productName = ScrechKit;
		};
		F37D97D32B52D65C00F3FCE0 /* AlertKit */ = {
			isa = XCSwiftPackageProductDependency;
			package = F37D97D22B52D65C00F3FCE0 /* XCRemoteSwiftPackageReference "AlertKit" */;
			productName = AlertKit;
		};
		F3F73CF42B4E984200953D55 /* SafariCover */ = {
			isa = XCSwiftPackageProductDependency;
			package = F3F73CF32B4E984200953D55 /* XCRemoteSwiftPackageReference "SafariCover" */;
			productName = SafariCover;
		};
/* End XCSwiftPackageProductDependency section */
	};
	rootObject = F34C3F352B4BF376008BE7C9 /* Project object */;
}
